
Microsoft Visual Studio Solution File, Format Version 12.00
# Visual Studio 15
VisualStudioVersion = 15.0.28010.2019
MinimumVisualStudioVersion = 10.0.40219.1
Project("{FAE04EC0-301F-11D3-BF4B-00C04F79EFBC}") = "speedTrapTest", "speedTrapTest\speedTrapTest.csproj", "{95BDF36B-BE4B-4B25-B528-616B153F2F1A}"
EndProject
Global
	GlobalSection(SolutionConfigurationPlatforms) = preSolution
		Debug|Any CPU = Debug|Any CPU
		Release|Any CPU = Release|Any CPU
	EndGlobalSection
	GlobalSection(ProjectConfigurationPlatforms) = postSolution
		{95BDF36B-BE4B-4B25-B528-616B153F2F1A}.Debug|Any CPU.ActiveCfg = Debug|Any CPU
		{95BDF36B-BE4B-4B25-B528-616B153F2F1A}.Debug|Any CPU.Build.0 = Debug|Any CPU
		{95BDF36B-BE4B-4B25-B528-616B153F2F1A}.Release|Any CPU.ActiveCfg = Release|Any CPU
		{95BDF36B-BE4B-4B25-B528-616B153F2F1A}.Release|Any CPU.Build.0 = Release|Any CPU
	EndGlobalSection
	GlobalSection(SolutionProperties) = preSolution
		HideSolutionNode = FALSE
	EndGlobalSection
	GlobalSection(ExtensibilityGlobals) = postSolution
		SolutionGuid = {6CD397B7-BDAE-4F56-91E6-411085DC5E62}
	EndGlobalSection
EndGlobal
